Microsoft Visual Studio Solution File, Format Version 12.00
# Visual Studio Version 17
VisualStudioVersion = 17.13.35818.85 d17.13
MinimumVisualStudioVersion = 10.0.40219.1
Project("{FAE04EC0-301F-11D3-BF4B-00C04F79EFBC}") = "api_solsql", "api_solsql\api_solsql.csproj", "{1F568658-479A-4C8F-B58C-11ABF0F79915}"
EndProject
Global
	GlobalSection(SolutionConfigurationPlatforms) = preSolution
		Debug|Any CPU = Debug|Any CPU
		Release|Any CPU = Release|Any CPU
	EndGlobalSection
	GlobalSection(ProjectConfigurationPlatforms) = postSolution
		{1F568658-479A-4C8F-B58C-11ABF0F79915}.Debug|Any CPU.ActiveCfg = Debug|Any CPU
		{1F568658-479A-4C8F-B58C-11ABF0F79915}.Debug|Any CPU.Build.0 = Debug|Any CPU
		{1F568658-479A-4C8F-B58C-11ABF0F79915}.Release|Any CPU.ActiveCfg = Release|Any CPU
		{1F568658-479A-4C8F-B58C-11ABF0F79915}.Release|Any CPU.Build.0 = Release|Any CPU
	EndGlobalSection
	GlobalSection(SolutionProperties) = preSolution
		HideSolutionNode = FALSE
	EndGlobalSection
	GlobalSection(ExtensibilityGlobals) = postSolution
		SolutionGuid = {037F9F79-0A88-409F-A910-CDE7F575BB90}
	EndGlobalSection
EndGlobal