Microsoft Visual Studio Solution File, Format Version 12.00
# Visual Studio Version 17
VisualStudioVersion = 17.5.2.0
MinimumVisualStudioVersion = 10.0.40219.1
Project("{FAE04EC0-301F-11D3-BF4B-00C04F79EFBC}") = "api_solsql", "api_solsql.csproj", "{10791980-044C-8473-CE2C-54E7E0019F4F}"
EndProject
Global
	GlobalSection(SolutionConfigurationPlatforms) = preSolution
		Debug|Any CPU = Debug|Any CPU
		Release|Any CPU = Release|Any CPU
	EndGlobalSection
	GlobalSection(ProjectConfigurationPlatforms) = postSolution
		{10791980-044C-8473-CE2C-54E7E0019F4F}.Debug|Any CPU.ActiveCfg = Debug|Any CPU
		{10791980-044C-8473-CE2C-54E7E0019F4F}.Debug|Any CPU.Build.0 = Debug|Any CPU
		{10791980-044C-8473-CE2C-54E7E0019F4F}.Release|Any CPU.ActiveCfg = Release|Any CPU
		{10791980-044C-8473-CE2C-54E7E0019F4F}.Release|Any CPU.Build.0 = Release|Any CPU
	EndGlobalSection
	GlobalSection(SolutionProperties) = preSolution
		HideSolutionNode = FALSE
	EndGlobalSection
	GlobalSection(ExtensibilityGlobals) = postSolution
		SolutionGuid = {EAEF3749-70AC-4B86-BC38-30F5676BC824}
	EndGlobalSection
EndGlobal
